// !$*UTF8*$!
{
	archiveVersion = 1;
	classes = {
	};
	objectVersion = 56;
	objects = {

/* Begin PBXBuildFile section */
		601DD24428F6EDAF00F273FC /* AppDelegate.swift in Sources */ = {isa = PBXBuildFile; fileRef = 601DD24328F6EDAF00F273FC /* AppDelegate.swift */; };
		601DD24628F6EDAF00F273FC /* SceneDelegate.swift in Sources */ = {isa = PBXBuildFile; fileRef = 601DD24528F6EDAF00F273FC /* SceneDelegate.swift */; };
		601DD24D28F6EDB000F273FC /* Assets.xcassets in Resources */ = {isa = PBXBuildFile; fileRef = 601DD24C28F6EDB000F273FC /* Assets.xcassets */; };
		601DD25028F6EDB000F273FC /* LaunchScreen.storyboard in Resources */ = {isa = PBXBuildFile; fileRef = 601DD24E28F6EDB000F273FC /* LaunchScreen.storyboard */; };
		601DD26628F6EDFA00F273FC /* StorageManager.swift in Sources */ = {isa = PBXBuildFile; fileRef = 601DD26228F6EDFA00F273FC /* StorageManager.swift */; };
		601DD26728F6EDFA00F273FC /* IAPManager.swift in Sources */ = {isa = PBXBuildFile; fileRef = 601DD26328F6EDFA00F273FC /* IAPManager.swift */; };
		601DD26828F6EDFA00F273FC /* AuthManager.swift in Sources */ = {isa = PBXBuildFile; fileRef = 601DD26428F6EDFA00F273FC /* AuthManager.swift */; };
		601DD26928F6EDFA00F273FC /* DatabaseManager.swift in Sources */ = {isa = PBXBuildFile; fileRef = 601DD26528F6EDFA00F273FC /* DatabaseManager.swift */; };
		601DD27528F6EDFE00F273FC /* CreateNewPostViewController.swift in Sources */ = {isa = PBXBuildFile; fileRef = 601DD26C28F6EDFE00F273FC /* CreateNewPostViewController.swift */; };
		601DD27628F6EDFE00F273FC /* VIewPostViewController.swift in Sources */ = {isa = PBXBuildFile; fileRef = 601DD26D28F6EDFE00F273FC /* VIewPostViewController.swift */; };
		601DD27728F6EDFE00F273FC /* SignUpViewController.swift in Sources */ = {isa = PBXBuildFile; fileRef = 601DD26F28F6EDFE00F273FC /* SignUpViewController.swift */; };
		601DD27828F6EDFE00F273FC /* SignInViewController.swift in Sources */ = {isa = PBXBuildFile; fileRef = 601DD27028F6EDFE00F273FC /* SignInViewController.swift */; };
		601DD27E28F6EE8B00F273FC /* StoreKit.framework in Frameworks */ = {isa = PBXBuildFile; fileRef = 601DD27D28F6EE8B00F273FC /* StoreKit.framework */; };
		601DD28128F6EFEE00F273FC /* RevenueCat in Frameworks */ = {isa = PBXBuildFile; productRef = 601DD28028F6EFEE00F273FC /* RevenueCat */; };
		601DD28428F6F03000F273FC /* FirebaseAuth in Frameworks */ = {isa = PBXBuildFile; productRef = 601DD28328F6F03000F273FC /* FirebaseAuth */; };
		601DD28628F6F03000F273FC /* FirebaseFirestore in Frameworks */ = {isa = PBXBuildFile; productRef = 601DD28528F6F03000F273FC /* FirebaseFirestore */; };
		601DD28828F6F03000F273FC /* FirebaseStorage in Frameworks */ = {isa = PBXBuildFile; productRef = 601DD28728F6F03000F273FC /* FirebaseStorage */; };
		601DD28A28F6F24900F273FC /* GoogleService-Info.plist in Resources */ = {isa = PBXBuildFile; fileRef = 601DD28928F6F24900F273FC /* GoogleService-Info.plist */; };
		601DD28C28F6FA7E00F273FC /* User.swift in Sources */ = {isa = PBXBuildFile; fileRef = 601DD28B28F6FA7E00F273FC /* User.swift */; };
		601DD28E28F6FA8500F273FC /* BlogPost.swift in Sources */ = {isa = PBXBuildFile; fileRef = 601DD28D28F6FA8500F273FC /* BlogPost.swift */; };
		601DD29028F84B8300F273FC /* HomeViewController.swift in Sources */ = {isa = PBXBuildFile; fileRef = 601DD28F28F84B8300F273FC /* HomeViewController.swift */; };
		601DD29228F84B9200F273FC /* ProfileViewController.swift in Sources */ = {isa = PBXBuildFile; fileRef = 601DD29128F84B9200F273FC /* ProfileViewController.swift */; };
		601DD29428F84BA300F273FC /* TabBarViewController.swift in Sources */ = {isa = PBXBuildFile; fileRef = 601DD29328F84BA300F273FC /* TabBarViewController.swift */; };
/* End PBXBuildFile section */

/* Begin PBXFileReference section */
		601DD24028F6EDAF00F273FC /* Thoughts.app */ = {isa = PBXFileReference; explicitFileType = wrapper.application; includeInIndex = 0; path = Thoughts.app; sourceTree = BUILT_PRODUCTS_DIR; };
		601DD24328F6EDAF00F273FC /* AppDelegate.swift */ = {isa = PBXFileReference; lastKnownFileType = sourcecode.swift; path = AppDelegate.swift; sourceTree = "<group>"; };
		601DD24528F6EDAF00F273FC /* SceneDelegate.swift */ = {isa = PBXFileReference; lastKnownFileType = sourcecode.swift; path = SceneDelegate.swift; sourceTree = "<group>"; };
		601DD24C28F6EDB000F273FC /* Assets.xcassets */ = {isa = PBXFileReference; lastKnownFileType = folder.assetcatalog; path = Assets.xcassets; sourceTree = "<group>"; };
		601DD24F28F6EDB000F273FC /* Base */ = {isa = PBXFileReference; lastKnownFileType = file.storyboard; name = Base; path = Base.lproj/LaunchScreen.storyboard; sourceTree = "<group>"; };
		601DD25128F6EDB000F273FC /* Info.plist */ = {isa = PBXFileReference; lastKnownFileType = text.plist.xml; path = Info.plist; sourceTree = "<group>"; };
		601DD26228F6EDFA00F273FC /* StorageManager.swift */ = {isa = PBXFileReference; fileEncoding = 4; lastKnownFileType = sourcecode.swift; path = StorageManager.swift; sourceTree = "<group>"; };
		601DD26328F6EDFA00F273FC /* IAPManager.swift */ = {isa = PBXFileReference; fileEncoding = 4; lastKnownFileType = sourcecode.swift; path = IAPManager.swift; sourceTree = "<group>"; };
		601DD26428F6EDFA00F273FC /* AuthManager.swift */ = {isa = PBXFileReference; fileEncoding = 4; lastKnownFileType = sourcecode.swift; path = AuthManager.swift; sourceTree = "<group>"; };
		601DD26528F6EDFA00F273FC /* DatabaseManager.swift */ = {isa = PBXFileReference; fileEncoding = 4; lastKnownFileType = sourcecode.swift; path = DatabaseManager.swift; sourceTree = "<group>"; };
		601DD26C28F6EDFE00F273FC /* CreateNewPostViewController.swift */ = {isa = PBXFileReference; fileEncoding = 4; lastKnownFileType = sourcecode.swift; path = CreateNewPostViewController.swift; sourceTree = "<group>"; };
		601DD26D28F6EDFE00F273FC /* VIewPostViewController.swift */ = {isa = PBXFileReference; fileEncoding = 4; lastKnownFileType = sourcecode.swift; path = VIewPostViewController.swift; sourceTree = "<group>"; };
		601DD26F28F6EDFE00F273FC /* SignUpViewController.swift */ = {isa = PBXFileReference; fileEncoding = 4; lastKnownFileType = sourcecode.swift; path = SignUpViewController.swift; sourceTree = "<group>"; };
		601DD27028F6EDFE00F273FC /* SignInViewController.swift */ = {isa = PBXFileReference; fileEncoding = 4; lastKnownFileType = sourcecode.swift; path = SignInViewController.swift; sourceTree = "<group>"; };
		601DD27D28F6EE8B00F273FC /* StoreKit.framework */ = {isa = PBXFileReference; lastKnownFileType = wrapper.framework; name = StoreKit.framework; path = System/Library/Frameworks/StoreKit.framework; sourceTree = SDKROOT; };
		601DD28928F6F24900F273FC /* GoogleService-Info.plist */ = {isa = PBXFileReference; fileEncoding = 4; lastKnownFileType = text.plist.xml; path = "GoogleService-Info.plist"; sourceTree = "<group>"; };
		601DD28B28F6FA7E00F273FC /* User.swift */ = {isa = PBXFileReference; lastKnownFileType = sourcecode.swift; path = User.swift; sourceTree = "<group>"; };
		601DD28D28F6FA8500F273FC /* BlogPost.swift */ = {isa = PBXFileReference; lastKnownFileType = sourcecode.swift; path = BlogPost.swift; sourceTree = "<group>"; };
		601DD28F28F84B8300F273FC /* HomeViewController.swift */ = {isa = PBXFileReference; fileEncoding = 4; lastKnownFileType = sourcecode.swift; name = HomeViewController.swift; path = "Thoughts/Controllers/Core Tabs/HomeViewController.swift"; sourceTree = SOURCE_ROOT; };
		601DD29128F84B9200F273FC /* ProfileViewController.swift */ = {isa = PBXFileReference; fileEncoding = 4; lastKnownFileType = sourcecode.swift; name = ProfileViewController.swift; path = "Thoughts/Controllers/Core Tabs/ProfileViewController.swift"; sourceTree = SOURCE_ROOT; };
		601DD29328F84BA300F273FC /* TabBarViewController.swift */ = {isa = PBXFileReference; fileEncoding = 4; lastKnownFileType = sourcecode.swift; name = TabBarViewController.swift; path = "Thoughts/Controllers/Core Tabs/TabBarViewController.swift"; sourceTree = SOURCE_ROOT; };
/* End PBXFileReference section */

/* Begin PBXFrameworksBuildPhase section */
		601DD23D28F6EDAF00F273FC /* Frameworks */ = {
			isa = PBXFrameworksBuildPhase;
			buildActionMask = 2147483647;
			files = (
				601DD28128F6EFEE00F273FC /* RevenueCat in Frameworks */,
				601DD28628F6F03000F273FC /* FirebaseFirestore in Frameworks */,
				601DD28428F6F03000F273FC /* FirebaseAuth in Frameworks */,
				601DD28828F6F03000F273FC /* FirebaseStorage in Frameworks */,
				601DD27E28F6EE8B00F273FC /* StoreKit.framework in Frameworks */,
			);
			runOnlyForDeploymentPostprocessing = 0;
		};
/* End PBXFrameworksBuildPhase section */

/* Begin PBXGroup section */
		601DD23728F6EDAF00F273FC = {
			isa = PBXGroup;
			children = (
				601DD24228F6EDAF00F273FC /* Thoughts */,
				601DD24128F6EDAF00F273FC /* Products */,
				601DD27C28F6EE8B00F273FC /* Frameworks */,
			);
			sourceTree = "<group>";
		};
		601DD24128F6EDAF00F273FC /* Products */ = {
			isa = PBXGroup;
			children = (
				601DD24028F6EDAF00F273FC /* Thoughts.app */,
			);
			name = Products;
			sourceTree = "<group>";
		};
		601DD24228F6EDAF00F273FC /* Thoughts */ = {
			isa = PBXGroup;
			children = (
				601DD28928F6F24900F273FC /* GoogleService-Info.plist */,
				601DD26A28F6EDFE00F273FC /* Controllers */,
				601DD26128F6EDFA00F273FC /* Managers */,
				601DD26028F6EDDD00F273FC /* Views */,
				601DD25828F6EDCB00F273FC /* Others */,
				601DD25728F6EDC700F273FC /* Models */,
				601DD25128F6EDB000F273FC /* Info.plist */,
			);
			path = Thoughts;
			sourceTree = "<group>";
		};
		601DD25728F6EDC700F273FC /* Models */ = {
			isa = PBXGroup;
			children = (
				601DD28B28F6FA7E00F273FC /* User.swift */,
				601DD28D28F6FA8500F273FC /* BlogPost.swift */,
			);
			path = Models;
			sourceTree = "<group>";
		};
		601DD25828F6EDCB00F273FC /* Others */ = {
			isa = PBXGroup;
			children = (
				601DD24C28F6EDB000F273FC /* Assets.xcassets */,
				601DD24328F6EDAF00F273FC /* AppDelegate.swift */,
				601DD24528F6EDAF00F273FC /* SceneDelegate.swift */,
			);
			path = Others;
			sourceTree = "<group>";
		};
		601DD26028F6EDDD00F273FC /* Views */ = {
			isa = PBXGroup;
			children = (
				601DD24E28F6EDB000F273FC /* LaunchScreen.storyboard */,
			);
			path = Views;
			sourceTree = "<group>";
		};
		601DD26128F6EDFA00F273FC /* Managers */ = {
			isa = PBXGroup;
			children = (
				601DD26228F6EDFA00F273FC /* StorageManager.swift */,
				601DD26328F6EDFA00F273FC /* IAPManager.swift */,
				601DD26428F6EDFA00F273FC /* AuthManager.swift */,
				601DD26528F6EDFA00F273FC /* DatabaseManager.swift */,
			);
			path = Managers;
			sourceTree = "<group>";
		};
		601DD26A28F6EDFE00F273FC /* Controllers */ = {
			isa = PBXGroup;
			children = (
				601DD26B28F6EDFE00F273FC /* Posts */,
				601DD26E28F6EDFE00F273FC /* Auth */,
				601DD27128F6EDFE00F273FC /* CoreTabs */,
			);
			path = Controllers;
			sourceTree = "<group>";
		};
		601DD26B28F6EDFE00F273FC /* Posts */ = {
			isa = PBXGroup;
			children = (
				601DD26C28F6EDFE00F273FC /* CreateNewPostViewController.swift */,
				601DD26D28F6EDFE00F273FC /* VIewPostViewController.swift */,
			);
			path = Posts;
			sourceTree = "<group>";
		};
		601DD26E28F6EDFE00F273FC /* Auth */ = {
			isa = PBXGroup;
			children = (
				601DD26F28F6EDFE00F273FC /* SignUpViewController.swift */,
				601DD27028F6EDFE00F273FC /* SignInViewController.swift */,
			);
			path = Auth;
			sourceTree = "<group>";
		};
		601DD27128F6EDFE00F273FC /* CoreTabs */ = {
			isa = PBXGroup;
			children = (
				601DD28F28F84B8300F273FC /* HomeViewController.swift */,
				601DD29328F84BA300F273FC /* TabBarViewController.swift */,
				601DD29128F84B9200F273FC /* ProfileViewController.swift */,
			);
			path = CoreTabs;
			sourceTree = "<group>";
		};
		601DD27C28F6EE8B00F273FC /* Frameworks */ = {
			isa = PBXGroup;
			children = (
				601DD27D28F6EE8B00F273FC /* StoreKit.framework */,
			);
			name = Frameworks;
			sourceTree = "<group>";
		};
/* End PBXGroup section */

/* Begin PBXNativeTarget section */
		601DD23F28F6EDAF00F273FC /* Thoughts */ = {
			isa = PBXNativeTarget;
			buildConfigurationList = 601DD25428F6EDB000F273FC /* Build configuration list for PBXNativeTarget "Thoughts" */;
			buildPhases = (
				601DD23C28F6EDAF00F273FC /* Sources */,
				601DD23D28F6EDAF00F273FC /* Frameworks */,
				601DD23E28F6EDAF00F273FC /* Resources */,
			);
			buildRules = (
			);
			dependencies = (
			);
			name = Thoughts;
			packageProductDependencies = (
				601DD28028F6EFEE00F273FC /* RevenueCat */,
				601DD28328F6F03000F273FC /* FirebaseAuth */,
				601DD28528F6F03000F273FC /* FirebaseFirestore */,
				601DD28728F6F03000F273FC /* FirebaseStorage */,
			);
			productName = Thoughts;
			productReference = 601DD24028F6EDAF00F273FC /* Thoughts.app */;
			productType = "com.apple.product-type.application";
		};
/* End PBXNativeTarget section */

/* Begin PBXProject section */
		601DD23828F6EDAF00F273FC /* Project object */ = {
			isa = PBXProject;
			attributes = {
				BuildIndependentTargetsInParallel = 1;
				LastSwiftUpdateCheck = 1400;
				LastUpgradeCheck = 1400;
				TargetAttributes = {
					601DD23F28F6EDAF00F273FC = {
						CreatedOnToolsVersion = 14.0;
					};
				};
			};
			buildConfigurationList = 601DD23B28F6EDAF00F273FC /* Build configuration list for PBXProject "Thoughts" */;
			compatibilityVersion = "Xcode 14.0";
			developmentRegion = en;
			hasScannedForEncodings = 0;
			knownRegions = (
				en,
				Base,
			);
			mainGroup = 601DD23728F6EDAF00F273FC;
			packageReferences = (
				601DD27F28F6EFEE00F273FC /* XCRemoteSwiftPackageReference "purchases-ios" */,
				601DD28228F6F03000F273FC /* XCRemoteSwiftPackageReference "firebase-ios-sdk" */,
			);
			productRefGroup = 601DD24128F6EDAF00F273FC /* Products */;
			projectDirPath = "";
			projectRoot = "";
			targets = (
				601DD23F28F6EDAF00F273FC /* Thoughts */,
			);
		};
/* End PBXProject section */

/* Begin PBXResourcesBuildPhase section */
		601DD23E28F6EDAF00F273FC /* Resources */ = {
			isa = PBXResourcesBuildPhase;
			buildActionMask = 2147483647;
			files = (
				601DD25028F6EDB000F273FC /* LaunchScreen.storyboard in Resources */,
				601DD24D28F6EDB000F273FC /* Assets.xcassets in Resources */,
				601DD28A28F6F24900F273FC /* GoogleService-Info.plist in Resources */,
			);
			runOnlyForDeploymentPostprocessing = 0;
		};
/* End PBXResourcesBuildPhase section */

/* Begin PBXSourcesBuildPhase section */
		601DD23C28F6EDAF00F273FC /* Sources */ = {
			isa = PBXSourcesBuildPhase;
			buildActionMask = 2147483647;
			files = (
				601DD28E28F6FA8500F273FC /* BlogPost.swift in Sources */,
				601DD26728F6EDFA00F273FC /* IAPManager.swift in Sources */,
				601DD26828F6EDFA00F273FC /* AuthManager.swift in Sources */,
				601DD27828F6EDFE00F273FC /* SignInViewController.swift in Sources */,
				601DD26628F6EDFA00F273FC /* StorageManager.swift in Sources */,
				601DD29228F84B9200F273FC /* ProfileViewController.swift in Sources */,
				601DD28C28F6FA7E00F273FC /* User.swift in Sources */,
				601DD27728F6EDFE00F273FC /* SignUpViewController.swift in Sources */,
				601DD24428F6EDAF00F273FC /* AppDelegate.swift in Sources */,
				601DD24628F6EDAF00F273FC /* SceneDelegate.swift in Sources */,
				601DD29028F84B8300F273FC /* HomeViewController.swift in Sources */,
				601DD27628F6EDFE00F273FC /* VIewPostViewController.swift in Sources */,
				601DD26928F6EDFA00F273FC /* DatabaseManager.swift in Sources */,
				601DD29428F84BA300F273FC /* TabBarViewController.swift in Sources */,
				601DD27528F6EDFE00F273FC /* CreateNewPostViewController.swift in Sources */,
			);
			runOnlyForDeploymentPostprocessing = 0;
		};
/* End PBXSourcesBuildPhase section */

/* Begin PBXVariantGroup section */
		601DD24E28F6EDB000F273FC /* LaunchScreen.storyboard */ = {
			isa = PBXVariantGroup;
			children = (
				601DD24F28F6EDB000F273FC /* Base */,
			);
			name = LaunchScreen.storyboard;
			sourceTree = "<group>";
		};
/* End PBXVariantGroup section */

/* Begin XCBuildConfiguration section */
		601DD25228F6EDB000F273FC /* Debug */ = {
			isa = XCBuildConfiguration;
			buildSettings = {
				ALWAYS_SEARCH_USER_PATHS = NO;
				CLANG_ANALYZER_NONNULL = YES;
				CLANG_ANALYZER_NUMBER_OBJECT_CONVERSION = YES_AGGRESSIVE;
				CLANG_CXX_LANGUAGE_STANDARD = "gnu++20";
				CLANG_ENABLE_MODULES = YES;
				CLANG_ENABLE_OBJC_ARC = YES;
				CLANG_ENABLE_OBJC_WEAK = YES;
				CLANG_WARN_BLOCK_CAPTURE_AUTORELEASING = YES;
				CLANG_WARN_BOOL_CONVERSION = YES;
				CLANG_WARN_COMMA = YES;
				CLANG_WARN_CONSTANT_CONVERSION = YES;
				CLANG_WARN_DEPRECATED_OBJC_IMPLEMENTATIONS = YES;
				CLANG_WARN_DIRECT_OBJC_ISA_USAGE = YES_ERROR;
				CLANG_WARN_DOCUMENTATION_COMMENTS = YES;
				CLANG_WARN_EMPTY_BODY = YES;
				CLANG_WARN_ENUM_CONVERSION = YES;
				CLANG_WARN_INFINITE_RECURSION = YES;
				CLANG_WARN_INT_CONVERSION = YES;
				CLANG_WARN_NON_LITERAL_NULL_CONVERSION = YES;
				CLANG_WARN_OBJC_IMPLICIT_RETAIN_SELF = YES;
				CLANG_WARN_OBJC_LITERAL_CONVERSION = YES;
				CLANG_WARN_OBJC_ROOT_CLASS = YES_ERROR;
				CLANG_WARN_QUOTED_INCLUDE_IN_FRAMEWORK_HEADER = YES;
				CLANG_WARN_RANGE_LOOP_ANALYSIS = YES;
				CLANG_WARN_STRICT_PROTOTYPES = YES;
				CLANG_WARN_SUSPICIOUS_MOVE = YES;
				CLANG_WARN_UNGUARDED_AVAILABILITY = YES_AGGRESSIVE;
				CLANG_WARN_UNREACHABLE_CODE = YES;
				CLANG_WARN__DUPLICATE_METHOD_MATCH = YES;
				COPY_PHASE_STRIP = NO;
				DEBUG_INFORMATION_FORMAT = dwarf;
				ENABLE_STRICT_OBJC_MSGSEND = YES;
				ENABLE_TESTABILITY = YES;
				GCC_C_LANGUAGE_STANDARD = gnu11;
				GCC_DYNAMIC_NO_PIC = NO;
				GCC_NO_COMMON_BLOCKS = YES;
				GCC_OPTIMIZATION_LEVEL = 0;
				GCC_PREPROCESSOR_DEFINITIONS = (
					"DEBUG=1",
					"$(inherited)",
				);
				GCC_WARN_64_TO_32_BIT_CONVERSION = YES;
				GCC_WARN_ABOUT_RETURN_TYPE = YES_ERROR;
				GCC_WARN_UNDECLARED_SELECTOR = YES;
				GCC_WARN_UNINITIALIZED_AUTOS = YES_AGGRESSIVE;
				GCC_WARN_UNUSED_FUNCTION = YES;
				GCC_WARN_UNUSED_VARIABLE = YES;
				IPHONEOS_DEPLOYMENT_TARGET = 16.0;
				MTL_ENABLE_DEBUG_INFO = INCLUDE_SOURCE;
				MTL_FAST_MATH = YES;
				ONLY_ACTIVE_ARCH = YES;
				SDKROOT = iphoneos;
				SWIFT_ACTIVE_COMPILATION_CONDITIONS = DEBUG;
				SWIFT_OPTIMIZATION_LEVEL = "-Onone";
			};
			name = Debug;
		};
		601DD25328F6EDB000F273FC /* Release */ = {
			isa = XCBuildConfiguration;
			buildSettings = {
				ALWAYS_SEARCH_USER_PATHS = NO;
				CLANG_ANALYZER_NONNULL = YES;
				CLANG_ANALYZER_NUMBER_OBJECT_CONVERSION = YES_AGGRESSIVE;
				CLANG_CXX_LANGUAGE_STANDARD = "gnu++20";
				CLANG_ENABLE_MODULES = YES;
				CLANG_ENABLE_OBJC_ARC = YES;
				CLANG_ENABLE_OBJC_WEAK = YES;
				CLANG_WARN_BLOCK_CAPTURE_AUTORELEASING = YES;
				CLANG_WARN_BOOL_CONVERSION = YES;
				CLANG_WARN_COMMA = YES;
				CLANG_WARN_CONSTANT_CONVERSION = YES;
				CLANG_WARN_DEPRECATED_OBJC_IMPLEMENTATIONS = YES;
				CLANG_WARN_DIRECT_OBJC_ISA_USAGE = YES_ERROR;
				CLANG_WARN_DOCUMENTATION_COMMENTS = YES;
				CLANG_WARN_EMPTY_BODY = YES;
				CLANG_WARN_ENUM_CONVERSION = YES;
				CLANG_WARN_INFINITE_RECURSION = YES;
				CLANG_WARN_INT_CONVERSION = YES;
				CLANG_WARN_NON_LITERAL_NULL_CONVERSION = YES;
				CLANG_WARN_OBJC_IMPLICIT_RETAIN_SELF = YES;
				CLANG_WARN_OBJC_LITERAL_CONVERSION = YES;
				CLANG_WARN_OBJC_ROOT_CLASS = YES_ERROR;
				CLANG_WARN_QUOTED_INCLUDE_IN_FRAMEWORK_HEADER = YES;
				CLANG_WARN_RANGE_LOOP_ANALYSIS = YES;
				CLANG_WARN_STRICT_PROTOTYPES = YES;
				CLANG_WARN_SUSPICIOUS_MOVE = YES;
				CLANG_WARN_UNGUARDED_AVAILABILITY = YES_AGGRESSIVE;
				CLANG_WARN_UNREACHABLE_CODE = YES;
				CLANG_WARN__DUPLICATE_METHOD_MATCH = YES;
				COPY_PHASE_STRIP = NO;
				DEBUG_INFORMATION_FORMAT = "dwarf-with-dsym";
				ENABLE_NS_ASSERTIONS = NO;
				ENABLE_STRICT_OBJC_MSGSEND = YES;
				GCC_C_LANGUAGE_STANDARD = gnu11;
				GCC_NO_COMMON_BLOCKS = YES;
				GCC_WARN_64_TO_32_BIT_CONVERSION = YES;
				GCC_WARN_ABOUT_RETURN_TYPE = YES_ERROR;
				GCC_WARN_UNDECLARED_SELECTOR = YES;
				GCC_WARN_UNINITIALIZED_AUTOS = YES_AGGRESSIVE;
				GCC_WARN_UNUSED_FUNCTION = YES;
				GCC_WARN_UNUSED_VARIABLE = YES;
				IPHONEOS_DEPLOYMENT_TARGET = 16.0;
				MTL_ENABLE_DEBUG_INFO = NO;
				MTL_FAST_MATH = YES;
				SDKROOT = iphoneos;
				SWIFT_COMPILATION_MODE = wholemodule;
				SWIFT_OPTIMIZATION_LEVEL = "-O";
				VALIDATE_PRODUCT = YES;
			};
			name = Release;
		};
		601DD25528F6EDB000F273FC /* Debug */ = {
			isa = XCBuildConfiguration;
			buildSettings = {
				ASSETCATALOG_COMPILER_APPICON_NAME = AppIcon;
				ASSETCATALOG_COMPILER_GLOBAL_ACCENT_COLOR_NAME = AccentColor;
				CODE_SIGN_STYLE = Automatic;
				CURRENT_PROJECT_VERSION = 1;
				GENERATE_INFOPLIST_FILE = YES;
				INFOPLIST_FILE = Thoughts/Info.plist;
				INFOPLIST_KEY_UIApplicationSupportsIndirectInputEvents = YES;
				INFOPLIST_KEY_UILaunchStoryboardName = LaunchScreen;
				INFOPLIST_KEY_UISupportedInterfaceOrientations_iPad = "UIInterfaceOrientationPortrait UIInterfaceOrientationPortraitUpsideDown UIInterfaceOrientationLandscapeLeft UIInterfaceOrientationLandscapeRight";
				INFOPLIST_KEY_UISupportedInterfaceOrientations_iPhone = "UIInterfaceOrientationPortrait UIInterfaceOrientationLandscapeLeft UIInterfaceOrientationLandscapeRight";
				LD_RUNPATH_SEARCH_PATHS = (
					"$(inherited)",
					"@executable_path/Frameworks",
				);
				MARKETING_VERSION = 1.0;
				PRODUCT_BUNDLE_IDENTIFIER = com.devckrishna.Thoughts;
				PRODUCT_NAME = "$(TARGET_NAME)";
				SWIFT_EMIT_LOC_STRINGS = YES;
				SWIFT_VERSION = 5.0;
				TARGETED_DEVICE_FAMILY = "1,2";
			};
			name = Debug;
		};
		601DD25628F6EDB000F273FC /* Release */ = {
			isa = XCBuildConfiguration;
			buildSettings = {
				ASSETCATALOG_COMPILER_APPICON_NAME = AppIcon;
				ASSETCATALOG_COMPILER_GLOBAL_ACCENT_COLOR_NAME = AccentColor;
				CODE_SIGN_STYLE = Automatic;
				CURRENT_PROJECT_VERSION = 1;
				GENERATE_INFOPLIST_FILE = YES;
				INFOPLIST_FILE = Thoughts/Info.plist;
				INFOPLIST_KEY_UIApplicationSupportsIndirectInputEvents = YES;
				INFOPLIST_KEY_UILaunchStoryboardName = LaunchScreen;
				INFOPLIST_KEY_UISupportedInterfaceOrientations_iPad = "UIInterfaceOrientationPortrait UIInterfaceOrientationPortraitUpsideDown UIInterfaceOrientationLandscapeLeft UIInterfaceOrientationLandscapeRight";
				INFOPLIST_KEY_UISupportedInterfaceOrientations_iPhone = "UIInterfaceOrientationPortrait UIInterfaceOrientationLandscapeLeft UIInterfaceOrientationLandscapeRight";
				LD_RUNPATH_SEARCH_PATHS = (
					"$(inherited)",
					"@executable_path/Frameworks",
				);
				MARKETING_VERSION = 1.0;
				PRODUCT_BUNDLE_IDENTIFIER = com.devckrishna.Thoughts;
				PRODUCT_NAME = "$(TARGET_NAME)";
				SWIFT_EMIT_LOC_STRINGS = YES;
				SWIFT_VERSION = 5.0;
				TARGETED_DEVICE_FAMILY = "1,2";
			};
			name = Release;
		};
/* End XCBuildConfiguration section */

/* Begin XCConfigurationList section */
		601DD23B28F6EDAF00F273FC /* Build configuration list for PBXProject "Thoughts" */ = {
			isa = XCConfigurationList;
			buildConfigurations = (
				601DD25228F6EDB000F273FC /* Debug */,
				601DD25328F6EDB000F273FC /* Release */,
			);
			defaultConfigurationIsVisible = 0;
			defaultConfigurationName = Release;
		};
		601DD25428F6EDB000F273FC /* Build configuration list for PBXNativeTarget "Thoughts" */ = {
			isa = XCConfigurationList;
			buildConfigurations = (
				601DD25528F6EDB000F273FC /* Debug */,
				601DD25628F6EDB000F273FC /* Release */,
			);
			defaultConfigurationIsVisible = 0;
			defaultConfigurationName = Release;
		};
/* End XCConfigurationList section */

/* Begin XCRemoteSwiftPackageReference section */
		601DD27F28F6EFEE00F273FC /* XCRemoteSwiftPackageReference "purchases-ios" */ = {
			isa = XCRemoteSwiftPackageReference;
			repositoryURL = "https://github.com/RevenueCat/purchases-ios";
			requirement = {
				branch = main;
				kind = branch;
			};
		};
		601DD28228F6F03000F273FC /* XCRemoteSwiftPackageReference "firebase-ios-sdk" */ = {
			isa = XCRemoteSwiftPackageReference;
			repositoryURL = "https://github.com/firebase/firebase-ios-sdk";
			requirement = {
				branch = master;
				kind = branch;
			};
		};
/* End XCRemoteSwiftPackageReference section */

/* Begin XCSwiftPackageProductDependency section */
		601DD28028F6EFEE00F273FC /* RevenueCat */ = {
			isa = XCSwiftPackageProductDependency;
			package = 601DD27F28F6EFEE00F273FC /* XCRemoteSwiftPackageReference "purchases-ios" */;
			productName = RevenueCat;
		};
		601DD28328F6F03000F273FC /* FirebaseAuth */ = {
			isa = XCSwiftPackageProductDependency;
			package = 601DD28228F6F03000F273FC /* XCRemoteSwiftPackageReference "firebase-ios-sdk" */;
			productName = FirebaseAuth;
		};
		601DD28528F6F03000F273FC /* FirebaseFirestore */ = {
			isa = XCSwiftPackageProductDependency;
			package = 601DD28228F6F03000F273FC /* XCRemoteSwiftPackageReference "firebase-ios-sdk" */;
			productName = FirebaseFirestore;
		};
		601DD28728F6F03000F273FC /* FirebaseStorage */ = {
			isa = XCSwiftPackageProductDependency;
			package = 601DD28228F6F03000F273FC /* XCRemoteSwiftPackageReference "firebase-ios-sdk" */;
			productName = FirebaseStorage;
		};
/* End XCSwiftPackageProductDependency section */
	};
	rootObject = 601DD23828F6EDAF00F273FC /* Project object */;
}
